// !$*UTF8*$!
{
	archiveVersion = 1;
	classes = {
	};
	objectVersion = 56;
	objects = {

/* Begin PBXBuildFile section */
		136DF9142C20B531001B9590 /* ZahlenGenderApp.swift in Sources */ = {isa = PBXBuildFile; fileRef = 136DF9132C20B531001B9590 /* ZahlenGenderApp.swift */; };
		136DF9162C20B531001B9590 /* ContentView.swift in Sources */ = {isa = PBXBuildFile; fileRef = 136DF9152C20B531001B9590 /* ContentView.swift */; };
		136DF9182C20B533001B9590 /* Assets.xcassets in Resources */ = {isa = PBXBuildFile; fileRef = 136DF9172C20B533001B9590 /* Assets.xcassets */; };
		136DF91B2C20B533001B9590 /* Preview Assets.xcassets in Resources */ = {isa = PBXBuildFile; fileRef = 136DF91A2C20B533001B9590 /* Preview Assets.xcassets */; };
		136DF9252C20B533001B9590 /* ZahlenGenderTests.swift in Sources */ = {isa = PBXBuildFile; fileRef = 136DF9242C20B533001B9590 /* ZahlenGenderTests.swift */; };
		136DF92F2C20B533001B9590 /* ZahlenGenderUITests.swift in Sources */ = {isa = PBXBuildFile; fileRef = 136DF92E2C20B533001B9590 /* ZahlenGenderUITests.swift */; };
		136DF9312C20B533001B9590 /* ZahlenGenderUITestsLaunchTests.swift in Sources */ = {isa = PBXBuildFile; fileRef = 136DF9302C20B533001B9590 /* ZahlenGenderUITestsLaunchTests.swift */; };
/* End PBXBuildFile section */

/* Begin PBXContainerItemProxy section */
		136DF9212C20B533001B9590 /* PBXContainerItemProxy */ = {
			isa = PBXContainerItemProxy;
			containerPortal = 136DF9082C20B531001B9590 /* Project object */;
			proxyType = 1;
			remoteGlobalIDString = 136DF90F2C20B531001B9590;
			remoteInfo = ZahlenGender;
		};
		136DF92B2C20B533001B9590 /* PBXContainerItemProxy */ = {
			isa = PBXContainerItemProxy;
			containerPortal = 136DF9082C20B531001B9590 /* Project object */;
			proxyType = 1;
			remoteGlobalIDString = 136DF90F2C20B531001B9590;
			remoteInfo = ZahlenGender;
		};
/* End PBXContainerItemProxy section */

/* Begin PBXFileReference section */
		136DF9102C20B531001B9590 /* ZahlenGender.app */ = {isa = PBXFileReference; explicitFileType = wrapper.application; includeInIndex = 0; path = ZahlenGender.app; sourceTree = BUILT_PRODUCTS_DIR; };
		136DF9132C20B531001B9590 /* ZahlenGenderApp.swift */ = {isa = PBXFileReference; lastKnownFileType = sourcecode.swift; path = ZahlenGenderApp.swift; sourceTree = "<group>"; };
		136DF9152C20B531001B9590 /* ContentView.swift */ = {isa = PBXFileReference; lastKnownFileType = sourcecode.swift; path = ContentView.swift; sourceTree = "<group>"; };
		136DF9172C20B533001B9590 /* Assets.xcassets */ = {isa = PBXFileReference; lastKnownFileType = folder.assetcatalog; path = Assets.xcassets; sourceTree = "<group>"; };
		136DF91A2C20B533001B9590 /* Preview Assets.xcassets */ = {isa = PBXFileReference; lastKnownFileType = folder.assetcatalog; path = "Preview Assets.xcassets"; sourceTree = "<group>"; };
		136DF9202C20B533001B9590 /* ZahlenGenderTests.xctest */ = {isa = PBXFileReference; explicitFileType = wrapper.cfbundle; includeInIndex = 0; path = ZahlenGenderTests.xctest; sourceTree = BUILT_PRODUCTS_DIR; };
		136DF9242C20B533001B9590 /* ZahlenGenderTests.swift */ = {isa = PBXFileReference; lastKnownFileType = sourcecode.swift; path = ZahlenGenderTests.swift; sourceTree = "<group>"; };
		136DF92A2C20B533001B9590 /* ZahlenGenderUITests.xctest */ = {isa = PBXFileReference; explicitFileType = wrapper.cfbundle; includeInIndex = 0; path = ZahlenGenderUITests.xctest; sourceTree = BUILT_PRODUCTS_DIR; };
		136DF92E2C20B533001B9590 /* ZahlenGenderUITests.swift */ = {isa = PBXFileReference; lastKnownFileType = sourcecode.swift; path = ZahlenGenderUITests.swift; sourceTree = "<group>"; };
		136DF9302C20B533001B9590 /* ZahlenGenderUITestsLaunchTests.swift */ = {isa = PBXFileReference; lastKnownFileType = sourcecode.swift; path = ZahlenGenderUITestsLaunchTests.swift; sourceTree = "<group>"; };
/* End PBXFileReference section */

/* Begin PBXFrameworksBuildPhase section */
		136DF90D2C20B531001B9590 /* Frameworks */ = {
			isa = PBXFrameworksBuildPhase;
			buildActionMask = 2147483647;
			files = (
			);
			runOnlyForDeploymentPostprocessing = 0;
		};
		136DF91D2C20B533001B9590 /* Frameworks */ = {
			isa = PBXFrameworksBuildPhase;
			buildActionMask = 2147483647;
			files = (
			);
			runOnlyForDeploymentPostprocessing = 0;
		};
		136DF9272C20B533001B9590 /* Frameworks */ = {
			isa = PBXFrameworksBuildPhase;
			buildActionMask = 2147483647;
			files = (
			);
			runOnlyForDeploymentPostprocessing = 0;
		};
/* End PBXFrameworksBuildPhase section */

/* Begin PBXGroup section */
		136DF9072C20B531001B9590 = {
			isa = PBXGroup;
			children = (
				136DF9122C20B531001B9590 /* ZahlenGender */,
				136DF9232C20B533001B9590 /* ZahlenGenderTests */,
				136DF92D2C20B533001B9590 /* ZahlenGenderUITests */,
				136DF9112C20B531001B9590 /* Products */,
			);
			sourceTree = "<group>";
		};
		136DF9112C20B531001B9590 /* Products */ = {
			isa = PBXGroup;
			children = (
				136DF9102C20B531001B9590 /* ZahlenGender.app */,
				136DF9202C20B533001B9590 /* ZahlenGenderTests.xctest */,
				136DF92A2C20B533001B9590 /* ZahlenGenderUITests.xctest */,
			);
			name = Products;
			sourceTree = "<group>";
		};
		136DF9122C20B531001B9590 /* ZahlenGender */ = {
			isa = PBXGroup;
			children = (
				136DF9132C20B531001B9590 /* ZahlenGenderApp.swift */,
				136DF9152C20B531001B9590 /* ContentView.swift */,
				136DF9172C20B533001B9590 /* Assets.xcassets */,
				136DF9192C20B533001B9590 /* Preview Content */,
			);
			path = ZahlenGender;
			sourceTree = "<group>";
		};
		136DF9192C20B533001B9590 /* Preview Content */ = {
			isa = PBXGroup;
			children = (
				136DF91A2C20B533001B9590 /* Preview Assets.xcassets */,
			);
			path = "Preview Content";
			sourceTree = "<group>";
		};
		136DF9232C20B533001B9590 /* ZahlenGenderTests */ = {
			isa = PBXGroup;
			children = (
				136DF9242C20B533001B9590 /* ZahlenGenderTests.swift */,
			);
			path = ZahlenGenderTests;
			sourceTree = "<group>";
		};
		136DF92D2C20B533001B9590 /* ZahlenGenderUITests */ = {
			isa = PBXGroup;
			children = (
				136DF92E2C20B533001B9590 /* ZahlenGenderUITests.swift */,
				136DF9302C20B533001B9590 /* ZahlenGenderUITestsLaunchTests.swift */,
			);
			path = ZahlenGenderUITests;
			sourceTree = "<group>";
		};
/* End PBXGroup section */

/* Begin PBXNativeTarget section */
		136DF90F2C20B531001B9590 /* ZahlenGender */ = {
			isa = PBXNativeTarget;
			buildConfigurationList = 136DF9342C20B533001B9590 /* Build configuration list for PBXNativeTarget "ZahlenGender" */;
			buildPhases = (
				136DF90C2C20B531001B9590 /* Sources */,
				136DF90D2C20B531001B9590 /* Frameworks */,
				136DF90E2C20B531001B9590 /* Resources */,
			);
			buildRules = (
			);
			dependencies = (
			);
			name = ZahlenGender;
			productName = ZahlenGender;
			productReference = 136DF9102C20B531001B9590 /* ZahlenGender.app */;
			productType = "com.apple.product-type.application";
		};
		136DF91F2C20B533001B9590 /* ZahlenGenderTests */ = {
			isa = PBXNativeTarget;
			buildConfigurationList = 136DF9372C20B533001B9590 /* Build configuration list for PBXNativeTarget "ZahlenGenderTests" */;
			buildPhases = (
				136DF91C2C20B533001B9590 /* Sources */,
				136DF91D2C20B533001B9590 /* Frameworks */,
				136DF91E2C20B533001B9590 /* Resources */,
			);
			buildRules = (
			);
			dependencies = (
				136DF9222C20B533001B9590 /* PBXTargetDependency */,
			);
			name = ZahlenGenderTests;
			productName = ZahlenGenderTests;
			productReference = 136DF9202C20B533001B9590 /* ZahlenGenderTests.xctest */;
			productType = "com.apple.product-type.bundle.unit-test";
		};
		136DF9292C20B533001B9590 /* ZahlenGenderUITests */ = {
			isa = PBXNativeTarget;
			buildConfigurationList = 136DF93A2C20B533001B9590 /* Build configuration list for PBXNativeTarget "ZahlenGenderUITests" */;
			buildPhases = (
				136DF9262C20B533001B9590 /* Sources */,
				136DF9272C20B533001B9590 /* Frameworks */,
				136DF9282C20B533001B9590 /* Resources */,
			);
			buildRules = (
			);
			dependencies = (
				136DF92C2C20B533001B9590 /* PBXTargetDependency */,
			);
			name = ZahlenGenderUITests;
			productName = ZahlenGenderUITests;
			productReference = 136DF92A2C20B533001B9590 /* ZahlenGenderUITests.xctest */;
			productType = "com.apple.product-type.bundle.ui-testing";
		};
/* End PBXNativeTarget section */

/* Begin PBXProject section */
		136DF9082C20B531001B9590 /* Project object */ = {
			isa = PBXProject;
			attributes = {
				BuildIndependentTargetsInParallel = 1;
				LastSwiftUpdateCheck = 1540;
				LastUpgradeCheck = 1540;
				TargetAttributes = {
					136DF90F2C20B531001B9590 = {
						CreatedOnToolsVersion = 15.4;
					};
					136DF91F2C20B533001B9590 = {
						CreatedOnToolsVersion = 15.4;
						TestTargetID = 136DF90F2C20B531001B9590;
					};
					136DF9292C20B533001B9590 = {
						CreatedOnToolsVersion = 15.4;
						TestTargetID = 136DF90F2C20B531001B9590;
					};
				};
			};
			buildConfigurationList = 136DF90B2C20B531001B9590 /* Build configuration list for PBXProject "ZahlenGender" */;
			compatibilityVersion = "Xcode 14.0";
			developmentRegion = en;
			hasScannedForEncodings = 0;
			knownRegions = (
				en,
				Base,
			);
			mainGroup = 136DF9072C20B531001B9590;
			productRefGroup = 136DF9112C20B531001B9590 /* Products */;
			projectDirPath = "";
			projectRoot = "";
			targets = (
				136DF90F2C20B531001B9590 /* ZahlenGender */,
				136DF91F2C20B533001B9590 /* ZahlenGenderTests */,
				136DF9292C20B533001B9590 /* ZahlenGenderUITests */,
			);
		};
/* End PBXProject section */

/* Begin PBXResourcesBuildPhase section */
		136DF90E2C20B531001B9590 /* Resources */ = {
			isa = PBXResourcesBuildPhase;
			buildActionMask = 2147483647;
			files = (
				136DF91B2C20B533001B9590 /* Preview Assets.xcassets in Resources */,
				136DF9182C20B533001B9590 /* Assets.xcassets in Resources */,
			);
			runOnlyForDeploymentPostprocessing = 0;
		};
		136DF91E2C20B533001B9590 /* Resources */ = {
			isa = PBXResourcesBuildPhase;
			buildActionMask = 2147483647;
			files = (
			);
			runOnlyForDeploymentPostprocessing = 0;
		};
		136DF9282C20B533001B9590 /* Resources */ = {
			isa = PBXResourcesBuildPhase;
			buildActionMask = 2147483647;
			files = (
			);
			runOnlyForDeploymentPostprocessing = 0;
		};
/* End PBXResourcesBuildPhase section */

/* Begin PBXSourcesBuildPhase section */
		136DF90C2C20B531001B9590 /* Sources */ = {
			isa = PBXSourcesBuildPhase;
			buildActionMask = 2147483647;
			files = (
				136DF9162C20B531001B9590 /* ContentView.swift in Sources */,
				136DF9142C20B531001B9590 /* ZahlenGenderApp.swift in Sources */,
			);
			runOnlyForDeploymentPostprocessing = 0;
		};
		136DF91C2C20B533001B9590 /* Sources */ = {
			isa = PBXSourcesBuildPhase;
			buildActionMask = 2147483647;
			files = (
				136DF9252C20B533001B9590 /* ZahlenGenderTests.swift in Sources */,
			);
			runOnlyForDeploymentPostprocessing = 0;
		};
		136DF9262C20B533001B9590 /* Sources */ = {
			isa = PBXSourcesBuildPhase;
			buildActionMask = 2147483647;
			files = (
				136DF92F2C20B533001B9590 /* ZahlenGenderUITests.swift in Sources */,
				136DF9312C20B533001B9590 /* ZahlenGenderUITestsLaunchTests.swift in Sources */,
			);
			runOnlyForDeploymentPostprocessing = 0;
		};
/* End PBXSourcesBuildPhase section */

/* Begin PBXTargetDependency section */
		136DF9222C20B533001B9590 /* PBXTargetDependency */ = {
			isa = PBXTargetDependency;
			target = 136DF90F2C20B531001B9590 /* ZahlenGender */;
			targetProxy = 136DF9212C20B533001B9590 /* PBXContainerItemProxy */;
		};
		136DF92C2C20B533001B9590 /* PBXTargetDependency */ = {
			isa = PBXTargetDependency;
			target = 136DF90F2C20B531001B9590 /* ZahlenGender */;
			targetProxy = 136DF92B2C20B533001B9590 /* PBXContainerItemProxy */;
		};
/* End PBXTargetDependency section */

/* Begin XCBuildConfiguration section */
		136DF9322C20B533001B9590 /* Debug */ = {
			isa = XCBuildConfiguration;
			buildSettings = {
				ALWAYS_SEARCH_USER_PATHS = NO;
				ASSETCATALOG_COMPILER_GENERATE_SWIFT_ASSET_SYMBOL_EXTENSIONS = YES;
				CLANG_ANALYZER_NONNULL = YES;
				CLANG_ANALYZER_NUMBER_OBJECT_CONVERSION = YES_AGGRESSIVE;
				CLANG_CXX_LANGUAGE_STANDARD = "gnu++20";
				CLANG_ENABLE_MODULES = YES;
				CLANG_ENABLE_OBJC_ARC = YES;
				CLANG_ENABLE_OBJC_WEAK = YES;
				CLANG_WARN_BLOCK_CAPTURE_AUTORELEASING = YES;
				CLANG_WARN_BOOL_CONVERSION = YES;
				CLANG_WARN_COMMA = YES;
				CLANG_WARN_CONSTANT_CONVERSION = YES;
				CLANG_WARN_DEPRECATED_OBJC_IMPLEMENTATIONS = YES;
				CLANG_WARN_DIRECT_OBJC_ISA_USAGE = YES_ERROR;
				CLANG_WARN_DOCUMENTATION_COMMENTS = YES;
				CLANG_WARN_EMPTY_BODY = YES;
				CLANG_WARN_ENUM_CONVERSION = YES;
				CLANG_WARN_INFINITE_RECURSION = YES;
				CLANG_WARN_INT_CONVERSION = YES;
				CLANG_WARN_NON_LITERAL_NULL_CONVERSION = YES;
				CLANG_WARN_OBJC_IMPLICIT_RETAIN_SELF = YES;
				CLANG_WARN_OBJC_LITERAL_CONVERSION = YES;
				CLANG_WARN_OBJC_ROOT_CLASS = YES_ERROR;
				CLANG_WARN_QUOTED_INCLUDE_IN_FRAMEWORK_HEADER = YES;
				CLANG_WARN_RANGE_LOOP_ANALYSIS = YES;
				CLANG_WARN_STRICT_PROTOTYPES = YES;
				CLANG_WARN_SUSPICIOUS_MOVE = YES;
				CLANG_WARN_UNGUARDED_AVAILABILITY = YES_AGGRESSIVE;
				CLANG_WARN_UNREACHABLE_CODE = YES;
				CLANG_WARN__DUPLICATE_METHOD_MATCH = YES;
				COPY_PHASE_STRIP = NO;
				DEBUG_INFORMATION_FORMAT = dwarf;
				ENABLE_STRICT_OBJC_MSGSEND = YES;
				ENABLE_TESTABILITY = YES;
				ENABLE_USER_SCRIPT_SANDBOXING = YES;
				GCC_C_LANGUAGE_STANDARD = gnu17;
				GCC_DYNAMIC_NO_PIC = NO;
				GCC_NO_COMMON_BLOCKS = YES;
				GCC_OPTIMIZATION_LEVEL = 0;
				GCC_PREPROCESSOR_DEFINITIONS = (
					"DEBUG=1",
					"$(inherited)",
				);
				GCC_WARN_64_TO_32_BIT_CONVERSION = YES;
				GCC_WARN_ABOUT_RETURN_TYPE = YES_ERROR;
				GCC_WARN_UNDECLARED_SELECTOR = YES;
				GCC_WARN_UNINITIALIZED_AUTOS = YES_AGGRESSIVE;
				GCC_WARN_UNUSED_FUNCTION = YES;
				GCC_WARN_UNUSED_VARIABLE = YES;
				IPHONEOS_DEPLOYMENT_TARGET = 17.5;
				LOCALIZATION_PREFERS_STRING_CATALOGS = YES;
				MTL_ENABLE_DEBUG_INFO = INCLUDE_SOURCE;
				MTL_FAST_MATH = YES;
				ONLY_ACTIVE_ARCH = YES;
				SDKROOT = iphoneos;
				SWIFT_ACTIVE_COMPILATION_CONDITIONS = "DEBUG $(inherited)";
				SWIFT_OPTIMIZATION_LEVEL = "-Onone";
			};
			name = Debug;
		};
		136DF9332C20B533001B9590 /* Release */ = {
			isa = XCBuildConfiguration;
			buildSettings = {
				ALWAYS_SEARCH_USER_PATHS = NO;
				ASSETCATALOG_COMPILER_GENERATE_SWIFT_ASSET_SYMBOL_EXTENSIONS = YES;
				CLANG_ANALYZER_NONNULL = YES;
				CLANG_ANALYZER_NUMBER_OBJECT_CONVERSION = YES_AGGRESSIVE;
				CLANG_CXX_LANGUAGE_STANDARD = "gnu++20";
				CLANG_ENABLE_MODULES = YES;
				CLANG_ENABLE_OBJC_ARC = YES;
				CLANG_ENABLE_OBJC_WEAK = YES;
				CLANG_WARN_BLOCK_CAPTURE_AUTORELEASING = YES;
				CLANG_WARN_BOOL_CONVERSION = YES;
				CLANG_WARN_COMMA = YES;
				CLANG_WARN_CONSTANT_CONVERSION = YES;
				CLANG_WARN_DEPRECATED_OBJC_IMPLEMENTATIONS = YES;
				CLANG_WARN_DIRECT_OBJC_ISA_USAGE = YES_ERROR;
				CLANG_WARN_DOCUMENTATION_COMMENTS = YES;
				CLANG_WARN_EMPTY_BODY = YES;
				CLANG_WARN_ENUM_CONVERSION = YES;
				CLANG_WARN_INFINITE_RECURSION = YES;
				CLANG_WARN_INT_CONVERSION = YES;
				CLANG_WARN_NON_LITERAL_NULL_CONVERSION = YES;
				CLANG_WARN_OBJC_IMPLICIT_RETAIN_SELF = YES;
				CLANG_WARN_OBJC_LITERAL_CONVERSION = YES;
				CLANG_WARN_OBJC_ROOT_CLASS = YES_ERROR;
				CLANG_WARN_QUOTED_INCLUDE_IN_FRAMEWORK_HEADER = YES;
				CLANG_WARN_RANGE_LOOP_ANALYSIS = YES;
				CLANG_WARN_STRICT_PROTOTYPES = YES;
				CLANG_WARN_SUSPICIOUS_MOVE = YES;
				CLANG_WARN_UNGUARDED_AVAILABILITY = YES_AGGRESSIVE;
				CLANG_WARN_UNREACHABLE_CODE = YES;
				CLANG_WARN__DUPLICATE_METHOD_MATCH = YES;
				COPY_PHASE_STRIP = NO;
				DEBUG_INFORMATION_FORMAT = "dwarf-with-dsym";
				ENABLE_NS_ASSERTIONS = NO;
				ENABLE_STRICT_OBJC_MSGSEND = YES;
				ENABLE_USER_SCRIPT_SANDBOXING = YES;
				GCC_C_LANGUAGE_STANDARD = gnu17;
				GCC_NO_COMMON_BLOCKS = YES;
				GCC_WARN_64_TO_32_BIT_CONVERSION = YES;
				GCC_WARN_ABOUT_RETURN_TYPE = YES_ERROR;
				GCC_WARN_UNDECLARED_SELECTOR = YES;
				GCC_WARN_UNINITIALIZED_AUTOS = YES_AGGRESSIVE;
				GCC_WARN_UNUSED_FUNCTION = YES;
				GCC_WARN_UNUSED_VARIABLE = YES;
				IPHONEOS_DEPLOYMENT_TARGET = 17.5;
				LOCALIZATION_PREFERS_STRING_CATALOGS = YES;
				MTL_ENABLE_DEBUG_INFO = NO;
				MTL_FAST_MATH = YES;
				SDKROOT = iphoneos;
				SWIFT_COMPILATION_MODE = wholemodule;
				VALIDATE_PRODUCT = YES;
			};
			name = Release;
		};
		136DF9352C20B533001B9590 /* Debug */ = {
			isa = XCBuildConfiguration;
			buildSettings = {
				ASSETCATALOG_COMPILER_APPICON_NAME = AppIcon;
				ASSETCATALOG_COMPILER_GLOBAL_ACCENT_COLOR_NAME = AccentColor;
				CODE_SIGN_STYLE = Automatic;
				CURRENT_PROJECT_VERSION = 1;
				DEVELOPMENT_ASSET_PATHS = "\"ZahlenGender/Preview Content\"";
				ENABLE_PREVIEWS = YES;
				GENERATE_INFOPLIST_FILE = YES;
				INFOPLIST_KEY_UIApplicationSceneManifest_Generation = YES;
				INFOPLIST_KEY_UIApplicationSupportsIndirectInputEvents = YES;
				INFOPLIST_KEY_UILaunchScreen_Generation = YES;
				INFOPLIST_KEY_UISupportedInterfaceOrientations_iPad = "UIInterfaceOrientationPortrait UIInterfaceOrientationPortraitUpsideDown UIInterfaceOrientationLandscapeLeft UIInterfaceOrientationLandscapeRight";
				INFOPLIST_KEY_UISupportedInterfaceOrientations_iPhone = "UIInterfaceOrientationPortrait UIInterfaceOrientationLandscapeLeft UIInterfaceOrientationLandscapeRight";
				LD_RUNPATH_SEARCH_PATHS = (
					"$(inherited)",
					"@executable_path/Frameworks",
				);
				MARKETING_VERSION = 1.0;
				PRODUCT_BUNDLE_IDENTIFIER = Kiezautor.ZahlenGender;
				PRODUCT_NAME = "$(TARGET_NAME)";
				SWIFT_EMIT_LOC_STRINGS = YES;
				SWIFT_VERSION = 5.0;
				TARGETED_DEVICE_FAMILY = "1,2";
			};
			name = Debug;
		};
		136DF9362C20B533001B9590 /* Release */ = {
			isa = XCBuildConfiguration;
			buildSettings = {
				ASSETCATALOG_COMPILER_APPICON_NAME = AppIcon;
				ASSETCATALOG_COMPILER_GLOBAL_ACCENT_COLOR_NAME = AccentColor;
				CODE_SIGN_STYLE = Automatic;
				CURRENT_PROJECT_VERSION = 1;
				DEVELOPMENT_ASSET_PATHS = "\"ZahlenGender/Preview Content\"";
				ENABLE_PREVIEWS = YES;
				GENERATE_INFOPLIST_FILE = YES;
				INFOPLIST_KEY_UIApplicationSceneManifest_Generation = YES;
				INFOPLIST_KEY_UIApplicationSupportsIndirectInputEvents = YES;
				INFOPLIST_KEY_UILaunchScreen_Generation = YES;
				INFOPLIST_KEY_UISupportedInterfaceOrientations_iPad = "UIInterfaceOrientationPortrait UIInterfaceOrientationPortraitUpsideDown UIInterfaceOrientationLandscapeLeft UIInterfaceOrientationLandscapeRight";
				INFOPLIST_KEY_UISupportedInterfaceOrientations_iPhone = "UIInterfaceOrientationPortrait UIInterfaceOrientationLandscapeLeft UIInterfaceOrientationLandscapeRight";
				LD_RUNPATH_SEARCH_PATHS = (
					"$(inherited)",
					"@executable_path/Frameworks",
				);
				MARKETING_VERSION = 1.0;
				PRODUCT_BUNDLE_IDENTIFIER = Kiezautor.ZahlenGender;
				PRODUCT_NAME = "$(TARGET_NAME)";
				SWIFT_EMIT_LOC_STRINGS = YES;
				SWIFT_VERSION = 5.0;
				TARGETED_DEVICE_FAMILY = "1,2";
			};
			name = Release;
		};
		136DF9382C20B533001B9590 /* Debug */ = {
			isa = XCBuildConfiguration;
			buildSettings = {
				ALWAYS_EMBED_SWIFT_STANDARD_LIBRARIES = YES;
				BUNDLE_LOADER = "$(TEST_HOST)";
				CODE_SIGN_STYLE = Automatic;
				CURRENT_PROJECT_VERSION = 1;
				GENERATE_INFOPLIST_FILE = YES;
				IPHONEOS_DEPLOYMENT_TARGET = 17.5;
				MARKETING_VERSION = 1.0;
				PRODUCT_BUNDLE_IDENTIFIER = Kiezautor.ZahlenGenderTests;
				PRODUCT_NAME = "$(TARGET_NAME)";
				SWIFT_EMIT_LOC_STRINGS = NO;
				SWIFT_VERSION = 5.0;
				TARGETED_DEVICE_FAMILY = "1,2";
				TEST_HOST = "$(BUILT_PRODUCTS_DIR)/ZahlenGender.app/$(BUNDLE_EXECUTABLE_FOLDER_PATH)/ZahlenGender";
			};
			name = Debug;
		};
		136DF9392C20B533001B9590 /* Release */ = {
			isa = XCBuildConfiguration;
			buildSettings = {
				ALWAYS_EMBED_SWIFT_STANDARD_LIBRARIES = YES;
				BUNDLE_LOADER = "$(TEST_HOST)";
				CODE_SIGN_STYLE = Automatic;
				CURRENT_PROJECT_VERSION = 1;
				GENERATE_INFOPLIST_FILE = YES;
				IPHONEOS_DEPLOYMENT_TARGET = 17.5;
				MARKETING_VERSION = 1.0;
				PRODUCT_BUNDLE_IDENTIFIER = Kiezautor.ZahlenGenderTests;
				PRODUCT_NAME = "$(TARGET_NAME)";
				SWIFT_EMIT_LOC_STRINGS = NO;
				SWIFT_VERSION = 5.0;
				TARGETED_DEVICE_FAMILY = "1,2";
				TEST_HOST = "$(BUILT_PRODUCTS_DIR)/ZahlenGender.app/$(BUNDLE_EXECUTABLE_FOLDER_PATH)/ZahlenGender";
			};
			name = Release;
		};
		136DF93B2C20B533001B9590 /* Debug */ = {
			isa = XCBuildConfiguration;
			buildSettings = {
				ALWAYS_EMBED_SWIFT_STANDARD_LIBRARIES = YES;
				CODE_SIGN_STYLE = Automatic;
				CURRENT_PROJECT_VERSION = 1;
				GENERATE_INFOPLIST_FILE = YES;
				MARKETING_VERSION = 1.0;
				PRODUCT_BUNDLE_IDENTIFIER = Kiezautor.ZahlenGenderUITests;
				PRODUCT_NAME = "$(TARGET_NAME)";
				SWIFT_EMIT_LOC_STRINGS = NO;
				SWIFT_VERSION = 5.0;
				TARGETED_DEVICE_FAMILY = "1,2";
				TEST_TARGET_NAME = ZahlenGender;
			};
			name = Debug;
		};
		136DF93C2C20B533001B9590 /* Release */ = {
			isa = XCBuildConfiguration;
			buildSettings = {
				ALWAYS_EMBED_SWIFT_STANDARD_LIBRARIES = YES;
				CODE_SIGN_STYLE = Automatic;
				CURRENT_PROJECT_VERSION = 1;
				GENERATE_INFOPLIST_FILE = YES;
				MARKETING_VERSION = 1.0;
				PRODUCT_BUNDLE_IDENTIFIER = Kiezautor.ZahlenGenderUITests;
				PRODUCT_NAME = "$(TARGET_NAME)";
				SWIFT_EMIT_LOC_STRINGS = NO;
				SWIFT_VERSION = 5.0;
				TARGETED_DEVICE_FAMILY = "1,2";
				TEST_TARGET_NAME = ZahlenGender;
			};
			name = Release;
		};
/* End XCBuildConfiguration section */

/* Begin XCConfigurationList section */
		136DF90B2C20B531001B9590 /* Build configuration list for PBXProject "ZahlenGender" */ = {
			isa = XCConfigurationList;
			buildConfigurations = (
				136DF9322C20B533001B9590 /* Debug */,
				136DF9332C20B533001B9590 /* Release */,
			);
			defaultConfigurationIsVisible = 0;
			defaultConfigurationName = Release;
		};
		136DF9342C20B533001B9590 /* Build configuration list for PBXNativeTarget "ZahlenGender" */ = {
			isa = XCConfigurationList;
			buildConfigurations = (
				136DF9352C20B533001B9590 /* Debug */,
				136DF9362C20B533001B9590 /* Release */,
			);
			defaultConfigurationIsVisible = 0;
			defaultConfigurationName = Release;
		};
		136DF9372C20B533001B9590 /* Build configuration list for PBXNativeTarget "ZahlenGenderTests" */ = {
			isa = XCConfigurationList;
			buildConfigurations = (
				136DF9382C20B533001B9590 /* Debug */,
				136DF9392C20B533001B9590 /* Release */,
			);
			defaultConfigurationIsVisible = 0;
			defaultConfigurationName = Release;
		};
		136DF93A2C20B533001B9590 /* Build configuration list for PBXNativeTarget "ZahlenGenderUITests" */ = {
			isa = XCConfigurationList;
			buildConfigurations = (
				136DF93B2C20B533001B9590 /* Debug */,
				136DF93C2C20B533001B9590 /* Release */,
			);
			defaultConfigurationIsVisible = 0;
			defaultConfigurationName = Release;
		};
/* End XCConfigurationList section */
	};
	rootObject = 136DF9082C20B531001B9590 /* Project object */;
}
